
Microsoft Visual Studio Solution File, Format Version 12.00
# Visual Studio Version 16
VisualStudioVersion = 16.0.30804.86
MinimumVisualStudioVersion = 10.0.40219.1
Project("{9A19103F-16F7-4668-BE54-9A1E7A4F7556}") = "GUI", "AnimalShelterWPF\GUI.csproj", "{ADF8BD8D-7C94-483A-B1E6-86BED55AE84B}"
EndProject
Project("{9A19103F-16F7-4668-BE54-9A1E7A4F7556}") = "DAL", "DAL\DAL.csproj", "{682630EA-C0FF-4610-B706-5BD6A81B953A}"
EndProject
Global
	GlobalSection(SolutionConfigurationPlatforms) = preSolution
		Debug|Any CPU = Debug|Any CPU
		Release|Any CPU = Release|Any CPU
	EndGlobalSection
	GlobalSection(ProjectConfigurationPlatforms) = postSolution
		{ADF8BD8D-7C94-483A-B1E6-86BED55AE84B}.Debug|Any CPU.ActiveCfg = Debug|Any CPU
		{ADF8BD8D-7C94-483A-B1E6-86BED55AE84B}.Debug|Any CPU.Build.0 = Debug|Any CPU
		{ADF8BD8D-7C94-483A-B1E6-86BED55AE84B}.Release|Any CPU.ActiveCfg = Release|Any CPU
		{ADF8BD8D-7C94-483A-B1E6-86BED55AE84B}.Release|Any CPU.Build.0 = Release|Any CPU
		{682630EA-C0FF-4610-B706-5BD6A81B953A}.Debug|Any CPU.ActiveCfg = Debug|Any CPU
		{682630EA-C0FF-4610-B706-5BD6A81B953A}.Debug|Any CPU.Build.0 = Debug|Any CPU
		{682630EA-C0FF-4610-B706-5BD6A81B953A}.Release|Any CPU.ActiveCfg = Release|Any CPU
		{682630EA-C0FF-4610-B706-5BD6A81B953A}.Release|Any CPU.Build.0 = Release|Any CPU
	EndGlobalSection
	GlobalSection(SolutionProperties) = preSolution
		HideSolutionNode = FALSE
	EndGlobalSection
	GlobalSection(ExtensibilityGlobals) = postSolution
		SolutionGuid = {67483D37-B7C2-4FED-87DF-5267E9AF595C}
	EndGlobalSection
EndGlobal
